// !$*UTF8*$!
{
	archiveVersion = 1;
	classes = {
	};
	objectVersion = 77;
	objects = {

/* Begin PBXContainerItemProxy section */
		048CEFB22C8FAD910033C855 /* PBXContainerItemProxy */ = {
			isa = PBXContainerItemProxy;
			containerPortal = 048CEF992C8FAD8F0033C855 /* Project object */;
			proxyType = 1;
			remoteGlobalIDString = 048CEFA02C8FAD8F0033C855;
			remoteInfo = Elvis;
		};
		048CEFBC2C8FAD910033C855 /* PBXContainerItemProxy */ = {
			isa = PBXContainerItemProxy;
			containerPortal = 048CEF992C8FAD8F0033C855 /* Project object */;
			proxyType = 1;
			remoteGlobalIDString = 048CEFA02C8FAD8F0033C855;
			remoteInfo = Elvis;
		};
/* End PBXContainerItemProxy section */

/* Begin PBXFileReference section */
		048CEFA12C8FAD8F0033C855 /* Elvis.app */ = {isa = PBXFileReference; explicitFileType = wrapper.application; includeInIndex = 0; path = Elvis.app; sourceTree = BUILT_PRODUCTS_DIR; };
		048CEFB12C8FAD910033C855 /* ElvisTests.xctest */ = {isa = PBXFileReference; explicitFileType = wrapper.cfbundle; includeInIndex = 0; path = ElvisTests.xctest; sourceTree = BUILT_PRODUCTS_DIR; };
		048CEFBB2C8FAD910033C855 /* ElvisUITests.xctest */ = {isa = PBXFileReference; explicitFileType = wrapper.cfbundle; includeInIndex = 0; path = ElvisUITests.xctest; sourceTree = BUILT_PRODUCTS_DIR; };
/* End PBXFileReference section */

/* Begin PBXFileSystemSynchronizedRootGroup section */
		048CEFA32C8FAD8F0033C855 /* Elvis */ = {
			isa = PBXFileSystemSynchronizedRootGroup;
			path = Elvis;
			sourceTree = "<group>";
		};
		048CEFB42C8FAD910033C855 /* ElvisTests */ = {
			isa = PBXFileSystemSynchronizedRootGroup;
			path = ElvisTests;
			sourceTree = "<group>";
		};
		048CEFBE2C8FAD910033C855 /* ElvisUITests */ = {
			isa = PBXFileSystemSynchronizedRootGroup;
			path = ElvisUITests;
			sourceTree = "<group>";
		};
/* End PBXFileSystemSynchronizedRootGroup section */

/* Begin PBXFrameworksBuildPhase section */
		048CEF9E2C8FAD8F0033C855 /* Frameworks */ = {
			isa = PBXFrameworksBuildPhase;
			buildActionMask = 2147483647;
			files = (
			);
			runOnlyForDeploymentPostprocessing = 0;
		};
		048CEFAE2C8FAD910033C855 /* Frameworks */ = {
			isa = PBXFrameworksBuildPhase;
			buildActionMask = 2147483647;
			files = (
			);
			runOnlyForDeploymentPostprocessing = 0;
		};
		048CEFB82C8FAD910033C855 /* Frameworks */ = {
			isa = PBXFrameworksBuildPhase;
			buildActionMask = 2147483647;
			files = (
			);
			runOnlyForDeploymentPostprocessing = 0;
		};
/* End PBXFrameworksBuildPhase section */

/* Begin PBXGroup section */
		048CEF982C8FAD8F0033C855 = {
			isa = PBXGroup;
			children = (
				048CEFA32C8FAD8F0033C855 /* Elvis */,
				048CEFB42C8FAD910033C855 /* ElvisTests */,
				048CEFBE2C8FAD910033C855 /* ElvisUITests */,
				048CEFA22C8FAD8F0033C855 /* Products */,
			);
			sourceTree = "<group>";
		};
		048CEFA22C8FAD8F0033C855 /* Products */ = {
			isa = PBXGroup;
			children = (
				048CEFA12C8FAD8F0033C855 /* Elvis.app */,
				048CEFB12C8FAD910033C855 /* ElvisTests.xctest */,
				048CEFBB2C8FAD910033C855 /* ElvisUITests.xctest */,
			);
			name = Products;
			sourceTree = "<group>";
		};
/* End PBXGroup section */

/* Begin PBXNativeTarget section */
		048CEFA02C8FAD8F0033C855 /* Elvis */ = {
			isa = PBXNativeTarget;
			buildConfigurationList = 048CEFC52C8FAD910033C855 /* Build configuration list for PBXNativeTarget "Elvis" */;
			buildPhases = (
				048CEF9D2C8FAD8F0033C855 /* Sources */,
				048CEF9E2C8FAD8F0033C855 /* Frameworks */,
				048CEF9F2C8FAD8F0033C855 /* Resources */,
			);
			buildRules = (
			);
			dependencies = (
			);
			fileSystemSynchronizedGroups = (
				048CEFA32C8FAD8F0033C855 /* Elvis */,
			);
			name = Elvis;
			packageProductDependencies = (
			);
			productName = Elvis;
			productReference = 048CEFA12C8FAD8F0033C855 /* Elvis.app */;
			productType = "com.apple.product-type.application";
		};
		048CEFB02C8FAD910033C855 /* ElvisTests */ = {
			isa = PBXNativeTarget;
			buildConfigurationList = 048CEFC82C8FAD910033C855 /* Build configuration list for PBXNativeTarget "ElvisTests" */;
			buildPhases = (
				048CEFAD2C8FAD910033C855 /* Sources */,
				048CEFAE2C8FAD910033C855 /* Frameworks */,
				048CEFAF2C8FAD910033C855 /* Resources */,
			);
			buildRules = (
			);
			dependencies = (
				048CEFB32C8FAD910033C855 /* PBXTargetDependency */,
			);
			fileSystemSynchronizedGroups = (
				048CEFB42C8FAD910033C855 /* ElvisTests */,
			);
			name = ElvisTests;
			packageProductDependencies = (
			);
			productName = ElvisTests;
			productReference = 048CEFB12C8FAD910033C855 /* ElvisTests.xctest */;
			productType = "com.apple.product-type.bundle.unit-test";
		};
		048CEFBA2C8FAD910033C855 /* ElvisUITests */ = {
			isa = PBXNativeTarget;
			buildConfigurationList = 048CEFCB2C8FAD910033C855 /* Build configuration list for PBXNativeTarget "ElvisUITests" */;
			buildPhases = (
				048CEFB72C8FAD910033C855 /* Sources */,
				048CEFB82C8FAD910033C855 /* Frameworks */,
				048CEFB92C8FAD910033C855 /* Resources */,
			);
			buildRules = (
			);
			dependencies = (
				048CEFBD2C8FAD910033C855 /* PBXTargetDependency */,
			);
			fileSystemSynchronizedGroups = (
				048CEFBE2C8FAD910033C855 /* ElvisUITests */,
			);
			name = ElvisUITests;
			packageProductDependencies = (
			);
			productName = ElvisUITests;
			productReference = 048CEFBB2C8FAD910033C855 /* ElvisUITests.xctest */;
			productType = "com.apple.product-type.bundle.ui-testing";
		};
/* End PBXNativeTarget section */

/* Begin PBXProject section */
		048CEF992C8FAD8F0033C855 /* Project object */ = {
			isa = PBXProject;
			attributes = {
				BuildIndependentTargetsInParallel = 1;
				LastSwiftUpdateCheck = 1600;
				LastUpgradeCheck = 1600;
				TargetAttributes = {
					048CEFA02C8FAD8F0033C855 = {
						CreatedOnToolsVersion = 16.0;
					};
					048CEFB02C8FAD910033C855 = {
						CreatedOnToolsVersion = 16.0;
						TestTargetID = 048CEFA02C8FAD8F0033C855;
					};
					048CEFBA2C8FAD910033C855 = {
						CreatedOnToolsVersion = 16.0;
						TestTargetID = 048CEFA02C8FAD8F0033C855;
					};
				};
			};
			buildConfigurationList = 048CEF9C2C8FAD8F0033C855 /* Build configuration list for PBXProject "Elvis" */;
			developmentRegion = en;
			hasScannedForEncodings = 0;
			knownRegions = (
				en,
				Base,
			);
			mainGroup = 048CEF982C8FAD8F0033C855;
			minimizedProjectReferenceProxies = 1;
			preferredProjectObjectVersion = 77;
			productRefGroup = 048CEFA22C8FAD8F0033C855 /* Products */;
			projectDirPath = "";
			projectRoot = "";
			targets = (
				048CEFA02C8FAD8F0033C855 /* Elvis */,
				048CEFB02C8FAD910033C855 /* ElvisTests */,
				048CEFBA2C8FAD910033C855 /* ElvisUITests */,
			);
		};
/* End PBXProject section */

/* Begin PBXResourcesBuildPhase section */
		048CEF9F2C8FAD8F0033C855 /* Resources */ = {
			isa = PBXResourcesBuildPhase;
			buildActionMask = 2147483647;
			files = (
			);
			runOnlyForDeploymentPostprocessing = 0;
		};
		048CEFAF2C8FAD910033C855 /* Resources */ = {
			isa = PBXResourcesBuildPhase;
			buildActionMask = 2147483647;
			files = (
			);
			runOnlyForDeploymentPostprocessing = 0;
		};
		048CEFB92C8FAD910033C855 /* Resources */ = {
			isa = PBXResourcesBuildPhase;
			buildActionMask = 2147483647;
			files = (
			);
			runOnlyForDeploymentPostprocessing = 0;
		};
/* End PBXResourcesBuildPhase section */

/* Begin PBXSourcesBuildPhase section */
		048CEF9D2C8FAD8F0033C855 /* Sources */ = {
			isa = PBXSourcesBuildPhase;
			buildActionMask = 2147483647;
			files = (
			);
			runOnlyForDeploymentPostprocessing = 0;
		};
		048CEFAD2C8FAD910033C855 /* Sources */ = {
			isa = PBXSourcesBuildPhase;
			buildActionMask = 2147483647;
			files = (
			);
			runOnlyForDeploymentPostprocessing = 0;
		};
		048CEFB72C8FAD910033C855 /* Sources */ = {
			isa = PBXSourcesBuildPhase;
			buildActionMask = 2147483647;
			files = (
			);
			runOnlyForDeploymentPostprocessing = 0;
		};
/* End PBXSourcesBuildPhase section */

/* Begin PBXTargetDependency section */
		048CEFB32C8FAD910033C855 /* PBXTargetDependency */ = {
			isa = PBXTargetDependency;
			target = 048CEFA02C8FAD8F0033C855 /* Elvis */;
			targetProxy = 048CEFB22C8FAD910033C855 /* PBXContainerItemProxy */;
		};
		048CEFBD2C8FAD910033C855 /* PBXTargetDependency */ = {
			isa = PBXTargetDependency;
			target = 048CEFA02C8FAD8F0033C855 /* Elvis */;
			targetProxy = 048CEFBC2C8FAD910033C855 /* PBXContainerItemProxy */;
		};
/* End PBXTargetDependency section */

/* Begin XCBuildConfiguration section */
		048CEFC32C8FAD910033C855 /* Debug */ = {
			isa = XCBuildConfiguration;
			buildSettings = {
				ALWAYS_SEARCH_USER_PATHS = NO;
				ASSETCATALOG_COMPILER_GENERATE_SWIFT_ASSET_SYMBOL_EXTENSIONS = YES;
				CLANG_ANALYZER_NONNULL = YES;
				CLANG_ANALYZER_NUMBER_OBJECT_CONVERSION = YES_AGGRESSIVE;
				CLANG_CXX_LANGUAGE_STANDARD = "gnu++20";
				CLANG_ENABLE_MODULES = YES;
				CLANG_ENABLE_OBJC_ARC = YES;
				CLANG_ENABLE_OBJC_WEAK = YES;
				CLANG_WARN_BLOCK_CAPTURE_AUTORELEASING = YES;
				CLANG_WARN_BOOL_CONVERSION = YES;
				CLANG_WARN_COMMA = YES;
				CLANG_WARN_CONSTANT_CONVERSION = YES;
				CLANG_WARN_DEPRECATED_OBJC_IMPLEMENTATIONS = YES;
				CLANG_WARN_DIRECT_OBJC_ISA_USAGE = YES_ERROR;
				CLANG_WARN_DOCUMENTATION_COMMENTS = YES;
				CLANG_WARN_EMPTY_BODY = YES;
				CLANG_WARN_ENUM_CONVERSION = YES;
				CLANG_WARN_INFINITE_RECURSION = YES;
				CLANG_WARN_INT_CONVERSION = YES;
				CLANG_WARN_NON_LITERAL_NULL_CONVERSION = YES;
				CLANG_WARN_OBJC_IMPLICIT_RETAIN_SELF = YES;
				CLANG_WARN_OBJC_LITERAL_CONVERSION = YES;
				CLANG_WARN_OBJC_ROOT_CLASS = YES_ERROR;
				CLANG_WARN_QUOTED_INCLUDE_IN_FRAMEWORK_HEADER = YES;
				CLANG_WARN_RANGE_LOOP_ANALYSIS = YES;
				CLANG_WARN_STRICT_PROTOTYPES = YES;
				CLANG_WARN_SUSPICIOUS_MOVE = YES;
				CLANG_WARN_UNGUARDED_AVAILABILITY = YES_AGGRESSIVE;
				CLANG_WARN_UNREACHABLE_CODE = YES;
				CLANG_WARN__DUPLICATE_METHOD_MATCH = YES;
				COPY_PHASE_STRIP = NO;
				DEBUG_INFORMATION_FORMAT = dwarf;
				ENABLE_STRICT_OBJC_MSGSEND = YES;
				ENABLE_TESTABILITY = YES;
				ENABLE_USER_SCRIPT_SANDBOXING = YES;
				GCC_C_LANGUAGE_STANDARD = gnu17;
				GCC_DYNAMIC_NO_PIC = NO;
				GCC_NO_COMMON_BLOCKS = YES;
				GCC_OPTIMIZATION_LEVEL = 0;
				GCC_PREPROCESSOR_DEFINITIONS = (
					"DEBUG=1",
					"$(inherited)",
				);
				GCC_WARN_64_TO_32_BIT_CONVERSION = YES;
				GCC_WARN_ABOUT_RETURN_TYPE = YES_ERROR;
				GCC_WARN_UNDECLARED_SELECTOR = YES;
				GCC_WARN_UNINITIALIZED_AUTOS = YES_AGGRESSIVE;
				GCC_WARN_UNUSED_FUNCTION = YES;
				GCC_WARN_UNUSED_VARIABLE = YES;
				IPHONEOS_DEPLOYMENT_TARGET = 18.0;
				LOCALIZATION_PREFERS_STRING_CATALOGS = YES;
				MTL_ENABLE_DEBUG_INFO = INCLUDE_SOURCE;
				MTL_FAST_MATH = YES;
				ONLY_ACTIVE_ARCH = YES;
				SDKROOT = iphoneos;
				SWIFT_ACTIVE_COMPILATION_CONDITIONS = "DEBUG $(inherited)";
				SWIFT_OPTIMIZATION_LEVEL = "-Onone";
			};
			name = Debug;
		};
		048CEFC42C8FAD910033C855 /* Release */ = {
			isa = XCBuildConfiguration;
			buildSettings = {
				ALWAYS_SEARCH_USER_PATHS = NO;
				ASSETCATALOG_COMPILER_GENERATE_SWIFT_ASSET_SYMBOL_EXTENSIONS = YES;
				CLANG_ANALYZER_NONNULL = YES;
				CLANG_ANALYZER_NUMBER_OBJECT_CONVERSION = YES_AGGRESSIVE;
				CLANG_CXX_LANGUAGE_STANDARD = "gnu++20";
				CLANG_ENABLE_MODULES = YES;
				CLANG_ENABLE_OBJC_ARC = YES;
				CLANG_ENABLE_OBJC_WEAK = YES;
				CLANG_WARN_BLOCK_CAPTURE_AUTORELEASING = YES;
				CLANG_WARN_BOOL_CONVERSION = YES;
				CLANG_WARN_COMMA = YES;
				CLANG_WARN_CONSTANT_CONVERSION = YES;
				CLANG_WARN_DEPRECATED_OBJC_IMPLEMENTATIONS = YES;
				CLANG_WARN_DIRECT_OBJC_ISA_USAGE = YES_ERROR;
				CLANG_WARN_DOCUMENTATION_COMMENTS = YES;
				CLANG_WARN_EMPTY_BODY = YES;
				CLANG_WARN_ENUM_CONVERSION = YES;
				CLANG_WARN_INFINITE_RECURSION = YES;
				CLANG_WARN_INT_CONVERSION = YES;
				CLANG_WARN_NON_LITERAL_NULL_CONVERSION = YES;
				CLANG_WARN_OBJC_IMPLICIT_RETAIN_SELF = YES;
				CLANG_WARN_OBJC_LITERAL_CONVERSION = YES;
				CLANG_WARN_OBJC_ROOT_CLASS = YES_ERROR;
				CLANG_WARN_QUOTED_INCLUDE_IN_FRAMEWORK_HEADER = YES;
				CLANG_WARN_RANGE_LOOP_ANALYSIS = YES;
				CLANG_WARN_STRICT_PROTOTYPES = YES;
				CLANG_WARN_SUSPICIOUS_MOVE = YES;
				CLANG_WARN_UNGUARDED_AVAILABILITY = YES_AGGRESSIVE;
				CLANG_WARN_UNREACHABLE_CODE = YES;
				CLANG_WARN__DUPLICATE_METHOD_MATCH = YES;
				COPY_PHASE_STRIP = NO;
				DEBUG_INFORMATION_FORMAT = "dwarf-with-dsym";
				ENABLE_NS_ASSERTIONS = NO;
				ENABLE_STRICT_OBJC_MSGSEND = YES;
				ENABLE_USER_SCRIPT_SANDBOXING = YES;
				GCC_C_LANGUAGE_STANDARD = gnu17;
				GCC_NO_COMMON_BLOCKS = YES;
				GCC_WARN_64_TO_32_BIT_CONVERSION = YES;
				GCC_WARN_ABOUT_RETURN_TYPE = YES_ERROR;
				GCC_WARN_UNDECLARED_SELECTOR = YES;
				GCC_WARN_UNINITIALIZED_AUTOS = YES_AGGRESSIVE;
				GCC_WARN_UNUSED_FUNCTION = YES;
				GCC_WARN_UNUSED_VARIABLE = YES;
				IPHONEOS_DEPLOYMENT_TARGET = 18.0;
				LOCALIZATION_PREFERS_STRING_CATALOGS = YES;
				MTL_ENABLE_DEBUG_INFO = NO;
				MTL_FAST_MATH = YES;
				SDKROOT = iphoneos;
				SWIFT_COMPILATION_MODE = wholemodule;
				VALIDATE_PRODUCT = YES;
			};
			name = Release;
		};
		048CEFC62C8FAD910033C855 /* Debug */ = {
			isa = XCBuildConfiguration;
			buildSettings = {
				ASSETCATALOG_COMPILER_APPICON_NAME = AppIcon;
				ASSETCATALOG_COMPILER_GLOBAL_ACCENT_COLOR_NAME = AccentColor;
				CODE_SIGN_STYLE = Automatic;
				CURRENT_PROJECT_VERSION = 1;
				DEVELOPMENT_ASSET_PATHS = "\"Elvis/Preview Content\"";
				DEVELOPMENT_TEAM = DK8T7X4Q5B;
				ENABLE_PREVIEWS = YES;
				GENERATE_INFOPLIST_FILE = YES;
				INFOPLIST_KEY_UIApplicationSceneManifest_Generation = YES;
				INFOPLIST_KEY_UIApplicationSupportsIndirectInputEvents = YES;
				INFOPLIST_KEY_UILaunchScreen_Generation = YES;
				INFOPLIST_KEY_UISupportedInterfaceOrientations_iPad = "UIInterfaceOrientationPortrait UIInterfaceOrientationPortraitUpsideDown UIInterfaceOrientationLandscapeLeft UIInterfaceOrientationLandscapeRight";
				INFOPLIST_KEY_UISupportedInterfaceOrientations_iPhone = "UIInterfaceOrientationPortrait UIInterfaceOrientationLandscapeLeft UIInterfaceOrientationLandscapeRight";
				LD_RUNPATH_SEARCH_PATHS = (
					"$(inherited)",
					"@executable_path/Frameworks",
				);
				MARKETING_VERSION = 1.0;
				PRODUCT_BUNDLE_IDENTIFIER = "com.Theodore-Utomo.Elvis";
				PRODUCT_NAME = "$(TARGET_NAME)";
				SWIFT_EMIT_LOC_STRINGS = YES;
				SWIFT_VERSION = 5.0;
				TARGETED_DEVICE_FAMILY = "1,2";
			};
			name = Debug;
		};
		048CEFC72C8FAD910033C855 /* Release */ = {
			isa = XCBuildConfiguration;
			buildSettings = {
				ASSETCATALOG_COMPILER_APPICON_NAME = AppIcon;
				ASSETCATALOG_COMPILER_GLOBAL_ACCENT_COLOR_NAME = AccentColor;
				CODE_SIGN_STYLE = Automatic;
				CURRENT_PROJECT_VERSION = 1;
				DEVELOPMENT_ASSET_PATHS = "\"Elvis/Preview Content\"";
				DEVELOPMENT_TEAM = DK8T7X4Q5B;
				ENABLE_PREVIEWS = YES;
				GENERATE_INFOPLIST_FILE = YES;
				INFOPLIST_KEY_UIApplicationSceneManifest_Generation = YES;
				INFOPLIST_KEY_UIApplicationSupportsIndirectInputEvents = YES;
				INFOPLIST_KEY_UILaunchScreen_Generation = YES;
				INFOPLIST_KEY_UISupportedInterfaceOrientations_iPad = "UIInterfaceOrientationPortrait UIInterfaceOrientationPortraitUpsideDown UIInterfaceOrientationLandscapeLeft UIInterfaceOrientationLandscapeRight";
				INFOPLIST_KEY_UISupportedInterfaceOrientations_iPhone = "UIInterfaceOrientationPortrait UIInterfaceOrientationLandscapeLeft UIInterfaceOrientationLandscapeRight";
				LD_RUNPATH_SEARCH_PATHS = (
					"$(inherited)",
					"@executable_path/Frameworks",
				);
				MARKETING_VERSION = 1.0;
				PRODUCT_BUNDLE_IDENTIFIER = "com.Theodore-Utomo.Elvis";
				PRODUCT_NAME = "$(TARGET_NAME)";
				SWIFT_EMIT_LOC_STRINGS = YES;
				SWIFT_VERSION = 5.0;
				TARGETED_DEVICE_FAMILY = "1,2";
			};
			name = Release;
		};
		048CEFC92C8FAD910033C855 /* Debug */ = {
			isa = XCBuildConfiguration;
			buildSettings = {
				BUNDLE_LOADER = "$(TEST_HOST)";
				CODE_SIGN_STYLE = Automatic;
				CURRENT_PROJECT_VERSION = 1;
				DEVELOPMENT_TEAM = DK8T7X4Q5B;
				GENERATE_INFOPLIST_FILE = YES;
				IPHONEOS_DEPLOYMENT_TARGET = 18.0;
				MARKETING_VERSION = 1.0;
				PRODUCT_BUNDLE_IDENTIFIER = "com.Theodore-Utomo.ElvisTests";
				PRODUCT_NAME = "$(TARGET_NAME)";
				SWIFT_EMIT_LOC_STRINGS = NO;
				SWIFT_VERSION = 5.0;
				TARGETED_DEVICE_FAMILY = "1,2";
				TEST_HOST = "$(BUILT_PRODUCTS_DIR)/Elvis.app/$(BUNDLE_EXECUTABLE_FOLDER_PATH)/Elvis";
			};
			name = Debug;
		};
		048CEFCA2C8FAD910033C855 /* Release */ = {
			isa = XCBuildConfiguration;
			buildSettings = {
				BUNDLE_LOADER = "$(TEST_HOST)";
				CODE_SIGN_STYLE = Automatic;
				CURRENT_PROJECT_VERSION = 1;
				DEVELOPMENT_TEAM = DK8T7X4Q5B;
				GENERATE_INFOPLIST_FILE = YES;
				IPHONEOS_DEPLOYMENT_TARGET = 18.0;
				MARKETING_VERSION = 1.0;
				PRODUCT_BUNDLE_IDENTIFIER = "com.Theodore-Utomo.ElvisTests";
				PRODUCT_NAME = "$(TARGET_NAME)";
				SWIFT_EMIT_LOC_STRINGS = NO;
				SWIFT_VERSION = 5.0;
				TARGETED_DEVICE_FAMILY = "1,2";
				TEST_HOST = "$(BUILT_PRODUCTS_DIR)/Elvis.app/$(BUNDLE_EXECUTABLE_FOLDER_PATH)/Elvis";
			};
			name = Release;
		};
		048CEFCC2C8FAD910033C855 /* Debug */ = {
			isa = XCBuildConfiguration;
			buildSettings = {
				CODE_SIGN_STYLE = Automatic;
				CURRENT_PROJECT_VERSION = 1;
				DEVELOPMENT_TEAM = DK8T7X4Q5B;
				GENERATE_INFOPLIST_FILE = YES;
				MARKETING_VERSION = 1.0;
				PRODUCT_BUNDLE_IDENTIFIER = "com.Theodore-Utomo.ElvisUITests";
				PRODUCT_NAME = "$(TARGET_NAME)";
				SWIFT_EMIT_LOC_STRINGS = NO;
				SWIFT_VERSION = 5.0;
				TARGETED_DEVICE_FAMILY = "1,2";
				TEST_TARGET_NAME = Elvis;
			};
			name = Debug;
		};
		048CEFCD2C8FAD910033C855 /* Release */ = {
			isa = XCBuildConfiguration;
			buildSettings = {
				CODE_SIGN_STYLE = Automatic;
				CURRENT_PROJECT_VERSION = 1;
				DEVELOPMENT_TEAM = DK8T7X4Q5B;
				GENERATE_INFOPLIST_FILE = YES;
				MARKETING_VERSION = 1.0;
				PRODUCT_BUNDLE_IDENTIFIER = "com.Theodore-Utomo.ElvisUITests";
				PRODUCT_NAME = "$(TARGET_NAME)";
				SWIFT_EMIT_LOC_STRINGS = NO;
				SWIFT_VERSION = 5.0;
				TARGETED_DEVICE_FAMILY = "1,2";
				TEST_TARGET_NAME = Elvis;
			};
			name = Release;
		};
/* End XCBuildConfiguration section */

/* Begin XCConfigurationList section */
		048CEF9C2C8FAD8F0033C855 /* Build configuration list for PBXProject "Elvis" */ = {
			isa = XCConfigurationList;
			buildConfigurations = (
				048CEFC32C8FAD910033C855 /* Debug */,
				048CEFC42C8FAD910033C855 /* Release */,
			);
			defaultConfigurationIsVisible = 0;
			defaultConfigurationName = Release;
		};
		048CEFC52C8FAD910033C855 /* Build configuration list for PBXNativeTarget "Elvis" */ = {
			isa = XCConfigurationList;
			buildConfigurations = (
				048CEFC62C8FAD910033C855 /* Debug */,
				048CEFC72C8FAD910033C855 /* Release */,
			);
			defaultConfigurationIsVisible = 0;
			defaultConfigurationName = Release;
		};
		048CEFC82C8FAD910033C855 /* Build configuration list for PBXNativeTarget "ElvisTests" */ = {
			isa = XCConfigurationList;
			buildConfigurations = (
				048CEFC92C8FAD910033C855 /* Debug */,
				048CEFCA2C8FAD910033C855 /* Release */,
			);
			defaultConfigurationIsVisible = 0;
			defaultConfigurationName = Release;
		};
		048CEFCB2C8FAD910033C855 /* Build configuration list for PBXNativeTarget "ElvisUITests" */ = {
			isa = XCConfigurationList;
			buildConfigurations = (
				048CEFCC2C8FAD910033C855 /* Debug */,
				048CEFCD2C8FAD910033C855 /* Release */,
			);
			defaultConfigurationIsVisible = 0;
			defaultConfigurationName = Release;
		};
/* End XCConfigurationList section */
	};
	rootObject = 048CEF992C8FAD8F0033C855 /* Project object */;
}
